
Microsoft Visual Studio Solution File, Format Version 12.00
# Visual Studio Version 16
VisualStudioVersion = 16.0.29613.14
MinimumVisualStudioVersion = 15.0.26124.0
Project("{2150E333-8FDC-42A3-9474-1A3956D46DE8}") = "src", "src", "{8C662D59-A3CB-466F-8E85-A8E6BA5E7601}"
EndProject
Project("{9A19103F-16F7-4668-BE54-9A1E7A4F7556}") = "tye", "src\tye\tye.csproj", "{9BFE4070-D6D8-41F8-B92E-F85C3DCD7AB8}"
EndProject
Project("{2150E333-8FDC-42A3-9474-1A3956D46DE8}") = "test", "test", "{F19B02EB-A372-417A-B2C2-EA0D5A3C76D5}"
EndProject
Project("{9A19103F-16F7-4668-BE54-9A1E7A4F7556}") = "E2ETest", "test\E2ETest\E2ETest.csproj", "{D15E5FF6-C1E7-4110-A2BE-06ADA7ACA82B}"
EndProject
Project("{9A19103F-16F7-4668-BE54-9A1E7A4F7556}") = "Tye.Hosting", "src\Tye.Hosting\Tye.Hosting.csproj", "{0F4F5A86-DD27-4AF9-BF97-221EAD5040E7}"
EndProject
Project("{9A19103F-16F7-4668-BE54-9A1E7A4F7556}") = "Tye.Hosting.Diagnostics", "src\Tye.Hosting.Diagnostics\Tye.Hosting.Diagnostics.csproj", "{CEBFC149-8162-4A0A-9AD4-40498B9172CD}"
EndProject
Project("{9A19103F-16F7-4668-BE54-9A1E7A4F7556}") = "Tye.Hosting.Runtime", "src\Tye.Hosting.Runtime\Tye.Hosting.Runtime.csproj", "{34719884-1338-4965-BA2A-F98DB03733C2}"
EndProject
Project("{9A19103F-16F7-4668-BE54-9A1E7A4F7556}") = "Tye.Core", "src\Tye.Core\Tye.Core.csproj", "{D0359C69-6EA9-4B03-9455-90E8E04F1CB0}"
EndProject
Project("{2150E333-8FDC-42A3-9474-1A3956D46DE8}") = "samples", "samples", "{D04AA540-9C6D-4C8F-8EDC-8C729D0027C6}"
EndProject
Project("{2150E333-8FDC-42A3-9474-1A3956D46DE8}") = "single-project", "single-project", "{6081714F-27F2-466E-86B2-A4C5FB53AA37}"
EndProject
Project("{9A19103F-16F7-4668-BE54-9A1E7A4F7556}") = "test-project", "samples\single-project\test-project\test-project.csproj", "{B8638A6E-715E-4C09-8BAF-6D58E5697F12}"
EndProject
Project("{2150E333-8FDC-42A3-9474-1A3956D46DE8}") = "frontend-backend", "frontend-backend", "{A9EA6D97-AECA-42A9-AD79-4F53D7C911E1}"
EndProject
Project("{9A19103F-16F7-4668-BE54-9A1E7A4F7556}") = "backend", "samples\frontend-backend\backend\backend.csproj", "{8EBD954D-F0C6-4F36-9E14-1A8756D050B3}"
EndProject
Project("{9A19103F-16F7-4668-BE54-9A1E7A4F7556}") = "frontend", "samples\frontend-backend\frontend\frontend.csproj", "{BFDEE3FF-FF67-4DA8-BB74-D489E18E4BBE}"
EndProject
Project("{2150E333-8FDC-42A3-9474-1A3956D46DE8}") = "multi-project", "multi-project", "{EDCB4347-69AB-420A-9761-617145E5B2F6}"
EndProject
Project("{9A19103F-16F7-4668-BE54-9A1E7A4F7556}") = "backend", "samples\multi-project\backend\backend.csproj", "{73C73C47-E9FA-4864-AEF9-E668D1E09563}"
EndProject
Project("{9A19103F-16F7-4668-BE54-9A1E7A4F7556}") = "frontend", "samples\multi-project\frontend\frontend.csproj", "{E63CFF36-9DD2-4566-9D21-B7D9365444E4}"
EndProject
Project("{9A19103F-16F7-4668-BE54-9A1E7A4F7556}") = "worker", "samples\multi-project\worker\worker.csproj", "{359C0839-7EBC-4A00-8366-86A64BD2B333}"
EndProject
Global
	GlobalSection(SolutionConfigurationPlatforms) = preSolution
		Debug|Any CPU = Debug|Any CPU
		Debug|x64 = Debug|x64
		Debug|x86 = Debug|x86
		Release|Any CPU = Release|Any CPU
		Release|x64 = Release|x64
		Release|x86 = Release|x86
	EndGlobalSection
	GlobalSection(ProjectConfigurationPlatforms) = postSolution
		{9BFE4070-D6D8-41F8-B92E-F85C3DCD7AB8}.Debug|Any CPU.ActiveCfg = Debug|Any CPU
		{9BFE4070-D6D8-41F8-B92E-F85C3DCD7AB8}.Debug|Any CPU.Build.0 = Debug|Any CPU
		{9BFE4070-D6D8-41F8-B92E-F85C3DCD7AB8}.Debug|x64.ActiveCfg = Debug|Any CPU
		{9BFE4070-D6D8-41F8-B92E-F85C3DCD7AB8}.Debug|x64.Build.0 = Debug|Any CPU
		{9BFE4070-D6D8-41F8-B92E-F85C3DCD7AB8}.Debug|x86.ActiveCfg = Debug|Any CPU
		{9BFE4070-D6D8-41F8-B92E-F85C3DCD7AB8}.Debug|x86.Build.0 = Debug|Any CPU
		{9BFE4070-D6D8-41F8-B92E-F85C3DCD7AB8}.Release|Any CPU.ActiveCfg = Release|Any CPU
		{9BFE4070-D6D8-41F8-B92E-F85C3DCD7AB8}.Release|Any CPU.Build.0 = Release|Any CPU
		{9BFE4070-D6D8-41F8-B92E-F85C3DCD7AB8}.Release|x64.ActiveCfg = Release|Any CPU
		{9BFE4070-D6D8-41F8-B92E-F85C3DCD7AB8}.Release|x64.Build.0 = Release|Any CPU
		{9BFE4070-D6D8-41F8-B92E-F85C3DCD7AB8}.Release|x86.ActiveCfg = Release|Any CPU
		{9BFE4070-D6D8-41F8-B92E-F85C3DCD7AB8}.Release|x86.Build.0 = Release|Any CPU
		{D15E5FF6-C1E7-4110-A2BE-06ADA7ACA82B}.Debug|Any CPU.ActiveCfg = Debug|Any CPU
		{D15E5FF6-C1E7-4110-A2BE-06ADA7ACA82B}.Debug|Any CPU.Build.0 = Debug|Any CPU
		{D15E5FF6-C1E7-4110-A2BE-06ADA7ACA82B}.Debug|x64.ActiveCfg = Debug|Any CPU
		{D15E5FF6-C1E7-4110-A2BE-06ADA7ACA82B}.Debug|x64.Build.0 = Debug|Any CPU
		{D15E5FF6-C1E7-4110-A2BE-06ADA7ACA82B}.Debug|x86.ActiveCfg = Debug|Any CPU
		{D15E5FF6-C1E7-4110-A2BE-06ADA7ACA82B}.Debug|x86.Build.0 = Debug|Any CPU
		{D15E5FF6-C1E7-4110-A2BE-06ADA7ACA82B}.Release|Any CPU.ActiveCfg = Release|Any CPU
		{D15E5FF6-C1E7-4110-A2BE-06ADA7ACA82B}.Release|Any CPU.Build.0 = Release|Any CPU
		{D15E5FF6-C1E7-4110-A2BE-06ADA7ACA82B}.Release|x64.ActiveCfg = Release|Any CPU
		{D15E5FF6-C1E7-4110-A2BE-06ADA7ACA82B}.Release|x64.Build.0 = Release|Any CPU
		{D15E5FF6-C1E7-4110-A2BE-06ADA7ACA82B}.Release|x86.ActiveCfg = Release|Any CPU
		{D15E5FF6-C1E7-4110-A2BE-06ADA7ACA82B}.Release|x86.Build.0 = Release|Any CPU
		{0F4F5A86-DD27-4AF9-BF97-221EAD5040E7}.Debug|Any CPU.ActiveCfg = Debug|Any CPU
		{0F4F5A86-DD27-4AF9-BF97-221EAD5040E7}.Debug|Any CPU.Build.0 = Debug|Any CPU
		{0F4F5A86-DD27-4AF9-BF97-221EAD5040E7}.Debug|x64.ActiveCfg = Debug|Any CPU
		{0F4F5A86-DD27-4AF9-BF97-221EAD5040E7}.Debug|x64.Build.0 = Debug|Any CPU
		{0F4F5A86-DD27-4AF9-BF97-221EAD5040E7}.Debug|x86.ActiveCfg = Debug|Any CPU
		{0F4F5A86-DD27-4AF9-BF97-221EAD5040E7}.Debug|x86.Build.0 = Debug|Any CPU
		{0F4F5A86-DD27-4AF9-BF97-221EAD5040E7}.Release|Any CPU.ActiveCfg = Release|Any CPU
		{0F4F5A86-DD27-4AF9-BF97-221EAD5040E7}.Release|Any CPU.Build.0 = Release|Any CPU
		{0F4F5A86-DD27-4AF9-BF97-221EAD5040E7}.Release|x64.ActiveCfg = Release|Any CPU
		{0F4F5A86-DD27-4AF9-BF97-221EAD5040E7}.Release|x64.Build.0 = Release|Any CPU
		{0F4F5A86-DD27-4AF9-BF97-221EAD5040E7}.Release|x86.ActiveCfg = Release|Any CPU
		{0F4F5A86-DD27-4AF9-BF97-221EAD5040E7}.Release|x86.Build.0 = Release|Any CPU
		{CEBFC149-8162-4A0A-9AD4-40498B9172CD}.Debug|Any CPU.ActiveCfg = Debug|Any CPU
		{CEBFC149-8162-4A0A-9AD4-40498B9172CD}.Debug|Any CPU.Build.0 = Debug|Any CPU
		{CEBFC149-8162-4A0A-9AD4-40498B9172CD}.Debug|x64.ActiveCfg = Debug|Any CPU
		{CEBFC149-8162-4A0A-9AD4-40498B9172CD}.Debug|x64.Build.0 = Debug|Any CPU
		{CEBFC149-8162-4A0A-9AD4-40498B9172CD}.Debug|x86.ActiveCfg = Debug|Any CPU
		{CEBFC149-8162-4A0A-9AD4-40498B9172CD}.Debug|x86.Build.0 = Debug|Any CPU
		{CEBFC149-8162-4A0A-9AD4-40498B9172CD}.Release|Any CPU.ActiveCfg = Release|Any CPU
		{CEBFC149-8162-4A0A-9AD4-40498B9172CD}.Release|Any CPU.Build.0 = Release|Any CPU
		{CEBFC149-8162-4A0A-9AD4-40498B9172CD}.Release|x64.ActiveCfg = Release|Any CPU
		{CEBFC149-8162-4A0A-9AD4-40498B9172CD}.Release|x64.Build.0 = Release|Any CPU
		{CEBFC149-8162-4A0A-9AD4-40498B9172CD}.Release|x86.ActiveCfg = Release|Any CPU
		{CEBFC149-8162-4A0A-9AD4-40498B9172CD}.Release|x86.Build.0 = Release|Any CPU
		{34719884-1338-4965-BA2A-F98DB03733C2}.Debug|Any CPU.ActiveCfg = Debug|Any CPU
		{34719884-1338-4965-BA2A-F98DB03733C2}.Debug|Any CPU.Build.0 = Debug|Any CPU
		{34719884-1338-4965-BA2A-F98DB03733C2}.Debug|x64.ActiveCfg = Debug|Any CPU
		{34719884-1338-4965-BA2A-F98DB03733C2}.Debug|x64.Build.0 = Debug|Any CPU
		{34719884-1338-4965-BA2A-F98DB03733C2}.Debug|x86.ActiveCfg = Debug|Any CPU
		{34719884-1338-4965-BA2A-F98DB03733C2}.Debug|x86.Build.0 = Debug|Any CPU
		{34719884-1338-4965-BA2A-F98DB03733C2}.Release|Any CPU.ActiveCfg = Release|Any CPU
		{34719884-1338-4965-BA2A-F98DB03733C2}.Release|Any CPU.Build.0 = Release|Any CPU
		{34719884-1338-4965-BA2A-F98DB03733C2}.Release|x64.ActiveCfg = Release|Any CPU
		{34719884-1338-4965-BA2A-F98DB03733C2}.Release|x64.Build.0 = Release|Any CPU
		{34719884-1338-4965-BA2A-F98DB03733C2}.Release|x86.ActiveCfg = Release|Any CPU
		{34719884-1338-4965-BA2A-F98DB03733C2}.Release|x86.Build.0 = Release|Any CPU
		{D0359C69-6EA9-4B03-9455-90E8E04F1CB0}.Debug|Any CPU.ActiveCfg = Debug|Any CPU
		{D0359C69-6EA9-4B03-9455-90E8E04F1CB0}.Debug|Any CPU.Build.0 = Debug|Any CPU
		{D0359C69-6EA9-4B03-9455-90E8E04F1CB0}.Debug|x64.ActiveCfg = Debug|Any CPU
		{D0359C69-6EA9-4B03-9455-90E8E04F1CB0}.Debug|x64.Build.0 = Debug|Any CPU
		{D0359C69-6EA9-4B03-9455-90E8E04F1CB0}.Debug|x86.ActiveCfg = Debug|Any CPU
		{D0359C69-6EA9-4B03-9455-90E8E04F1CB0}.Debug|x86.Build.0 = Debug|Any CPU
		{D0359C69-6EA9-4B03-9455-90E8E04F1CB0}.Release|Any CPU.ActiveCfg = Release|Any CPU
		{D0359C69-6EA9-4B03-9455-90E8E04F1CB0}.Release|Any CPU.Build.0 = Release|Any CPU
		{D0359C69-6EA9-4B03-9455-90E8E04F1CB0}.Release|x64.ActiveCfg = Release|Any CPU
		{D0359C69-6EA9-4B03-9455-90E8E04F1CB0}.Release|x64.Build.0 = Release|Any CPU
		{D0359C69-6EA9-4B03-9455-90E8E04F1CB0}.Release|x86.ActiveCfg = Release|Any CPU
		{D0359C69-6EA9-4B03-9455-90E8E04F1CB0}.Release|x86.Build.0 = Release|Any CPU
		{B8638A6E-715E-4C09-8BAF-6D58E5697F12}.Debug|Any CPU.ActiveCfg = Debug|Any CPU
		{B8638A6E-715E-4C09-8BAF-6D58E5697F12}.Debug|Any CPU.Build.0 = Debug|Any CPU
		{B8638A6E-715E-4C09-8BAF-6D58E5697F12}.Debug|x64.ActiveCfg = Debug|Any CPU
		{B8638A6E-715E-4C09-8BAF-6D58E5697F12}.Debug|x64.Build.0 = Debug|Any CPU
		{B8638A6E-715E-4C09-8BAF-6D58E5697F12}.Debug|x86.ActiveCfg = Debug|Any CPU
		{B8638A6E-715E-4C09-8BAF-6D58E5697F12}.Debug|x86.Build.0 = Debug|Any CPU
		{B8638A6E-715E-4C09-8BAF-6D58E5697F12}.Release|Any CPU.ActiveCfg = Release|Any CPU
		{B8638A6E-715E-4C09-8BAF-6D58E5697F12}.Release|Any CPU.Build.0 = Release|Any CPU
		{B8638A6E-715E-4C09-8BAF-6D58E5697F12}.Release|x64.ActiveCfg = Release|Any CPU
		{B8638A6E-715E-4C09-8BAF-6D58E5697F12}.Release|x64.Build.0 = Release|Any CPU
		{B8638A6E-715E-4C09-8BAF-6D58E5697F12}.Release|x86.ActiveCfg = Release|Any CPU
		{B8638A6E-715E-4C09-8BAF-6D58E5697F12}.Release|x86.Build.0 = Release|Any CPU
		{8EBD954D-F0C6-4F36-9E14-1A8756D050B3}.Debug|Any CPU.ActiveCfg = Debug|Any CPU
		{8EBD954D-F0C6-4F36-9E14-1A8756D050B3}.Debug|Any CPU.Build.0 = Debug|Any CPU
		{8EBD954D-F0C6-4F36-9E14-1A8756D050B3}.Debug|x64.ActiveCfg = Debug|Any CPU
		{8EBD954D-F0C6-4F36-9E14-1A8756D050B3}.Debug|x64.Build.0 = Debug|Any CPU
		{8EBD954D-F0C6-4F36-9E14-1A8756D050B3}.Debug|x86.ActiveCfg = Debug|Any CPU
		{8EBD954D-F0C6-4F36-9E14-1A8756D050B3}.Debug|x86.Build.0 = Debug|Any CPU
		{8EBD954D-F0C6-4F36-9E14-1A8756D050B3}.Release|Any CPU.ActiveCfg = Release|Any CPU
		{8EBD954D-F0C6-4F36-9E14-1A8756D050B3}.Release|Any CPU.Build.0 = Release|Any CPU
		{8EBD954D-F0C6-4F36-9E14-1A8756D050B3}.Release|x64.ActiveCfg = Release|Any CPU
		{8EBD954D-F0C6-4F36-9E14-1A8756D050B3}.Release|x64.Build.0 = Release|Any CPU
		{8EBD954D-F0C6-4F36-9E14-1A8756D050B3}.Release|x86.ActiveCfg = Release|Any CPU
		{8EBD954D-F0C6-4F36-9E14-1A8756D050B3}.Release|x86.Build.0 = Release|Any CPU
		{BFDEE3FF-FF67-4DA8-BB74-D489E18E4BBE}.Debug|Any CPU.ActiveCfg = Debug|Any CPU
		{BFDEE3FF-FF67-4DA8-BB74-D489E18E4BBE}.Debug|Any CPU.Build.0 = Debug|Any CPU
		{BFDEE3FF-FF67-4DA8-BB74-D489E18E4BBE}.Debug|x64.ActiveCfg = Debug|Any CPU
		{BFDEE3FF-FF67-4DA8-BB74-D489E18E4BBE}.Debug|x64.Build.0 = Debug|Any CPU
		{BFDEE3FF-FF67-4DA8-BB74-D489E18E4BBE}.Debug|x86.ActiveCfg = Debug|Any CPU
		{BFDEE3FF-FF67-4DA8-BB74-D489E18E4BBE}.Debug|x86.Build.0 = Debug|Any CPU
		{BFDEE3FF-FF67-4DA8-BB74-D489E18E4BBE}.Release|Any CPU.ActiveCfg = Release|Any CPU
		{BFDEE3FF-FF67-4DA8-BB74-D489E18E4BBE}.Release|Any CPU.Build.0 = Release|Any CPU
		{BFDEE3FF-FF67-4DA8-BB74-D489E18E4BBE}.Release|x64.ActiveCfg = Release|Any CPU
		{BFDEE3FF-FF67-4DA8-BB74-D489E18E4BBE}.Release|x64.Build.0 = Release|Any CPU
		{BFDEE3FF-FF67-4DA8-BB74-D489E18E4BBE}.Release|x86.ActiveCfg = Release|Any CPU
		{BFDEE3FF-FF67-4DA8-BB74-D489E18E4BBE}.Release|x86.Build.0 = Release|Any CPU
		{73C73C47-E9FA-4864-AEF9-E668D1E09563}.Debug|Any CPU.ActiveCfg = Debug|Any CPU
		{73C73C47-E9FA-4864-AEF9-E668D1E09563}.Debug|Any CPU.Build.0 = Debug|Any CPU
		{73C73C47-E9FA-4864-AEF9-E668D1E09563}.Debug|x64.ActiveCfg = Debug|Any CPU
		{73C73C47-E9FA-4864-AEF9-E668D1E09563}.Debug|x64.Build.0 = Debug|Any CPU
		{73C73C47-E9FA-4864-AEF9-E668D1E09563}.Debug|x86.ActiveCfg = Debug|Any CPU
		{73C73C47-E9FA-4864-AEF9-E668D1E09563}.Debug|x86.Build.0 = Debug|Any CPU
		{73C73C47-E9FA-4864-AEF9-E668D1E09563}.Release|Any CPU.ActiveCfg = Release|Any CPU
		{73C73C47-E9FA-4864-AEF9-E668D1E09563}.Release|Any CPU.Build.0 = Release|Any CPU
		{73C73C47-E9FA-4864-AEF9-E668D1E09563}.Release|x64.ActiveCfg = Release|Any CPU
		{73C73C47-E9FA-4864-AEF9-E668D1E09563}.Release|x64.Build.0 = Release|Any CPU
		{73C73C47-E9FA-4864-AEF9-E668D1E09563}.Release|x86.ActiveCfg = Release|Any CPU
		{73C73C47-E9FA-4864-AEF9-E668D1E09563}.Release|x86.Build.0 = Release|Any CPU
		{E63CFF36-9DD2-4566-9D21-B7D9365444E4}.Debug|Any CPU.ActiveCfg = Debug|Any CPU
		{E63CFF36-9DD2-4566-9D21-B7D9365444E4}.Debug|Any CPU.Build.0 = Debug|Any CPU
		{E63CFF36-9DD2-4566-9D21-B7D9365444E4}.Debug|x64.ActiveCfg = Debug|Any CPU
		{E63CFF36-9DD2-4566-9D21-B7D9365444E4}.Debug|x64.Build.0 = Debug|Any CPU
		{E63CFF36-9DD2-4566-9D21-B7D9365444E4}.Debug|x86.ActiveCfg = Debug|Any CPU
		{E63CFF36-9DD2-4566-9D21-B7D9365444E4}.Debug|x86.Build.0 = Debug|Any CPU
		{E63CFF36-9DD2-4566-9D21-B7D9365444E4}.Release|Any CPU.ActiveCfg = Release|Any CPU
		{E63CFF36-9DD2-4566-9D21-B7D9365444E4}.Release|Any CPU.Build.0 = Release|Any CPU
		{E63CFF36-9DD2-4566-9D21-B7D9365444E4}.Release|x64.ActiveCfg = Release|Any CPU
		{E63CFF36-9DD2-4566-9D21-B7D9365444E4}.Release|x64.Build.0 = Release|Any CPU
		{E63CFF36-9DD2-4566-9D21-B7D9365444E4}.Release|x86.ActiveCfg = Release|Any CPU
		{E63CFF36-9DD2-4566-9D21-B7D9365444E4}.Release|x86.Build.0 = Release|Any CPU
		{359C0839-7EBC-4A00-8366-86A64BD2B333}.Debug|Any CPU.ActiveCfg = Debug|Any CPU
		{359C0839-7EBC-4A00-8366-86A64BD2B333}.Debug|Any CPU.Build.0 = Debug|Any CPU
		{359C0839-7EBC-4A00-8366-86A64BD2B333}.Debug|x64.ActiveCfg = Debug|Any CPU
		{359C0839-7EBC-4A00-8366-86A64BD2B333}.Debug|x64.Build.0 = Debug|Any CPU
		{359C0839-7EBC-4A00-8366-86A64BD2B333}.Debug|x86.ActiveCfg = Debug|Any CPU
		{359C0839-7EBC-4A00-8366-86A64BD2B333}.Debug|x86.Build.0 = Debug|Any CPU
		{359C0839-7EBC-4A00-8366-86A64BD2B333}.Release|Any CPU.ActiveCfg = Release|Any CPU
		{359C0839-7EBC-4A00-8366-86A64BD2B333}.Release|Any CPU.Build.0 = Release|Any CPU
		{359C0839-7EBC-4A00-8366-86A64BD2B333}.Release|x64.ActiveCfg = Release|Any CPU
		{359C0839-7EBC-4A00-8366-86A64BD2B333}.Release|x64.Build.0 = Release|Any CPU
		{359C0839-7EBC-4A00-8366-86A64BD2B333}.Release|x86.ActiveCfg = Release|Any CPU
		{359C0839-7EBC-4A00-8366-86A64BD2B333}.Release|x86.Build.0 = Release|Any CPU
	EndGlobalSection
	GlobalSection(SolutionProperties) = preSolution
		HideSolutionNode = FALSE
	EndGlobalSection
	GlobalSection(NestedProjects) = preSolution
		{9BFE4070-D6D8-41F8-B92E-F85C3DCD7AB8} = {8C662D59-A3CB-466F-8E85-A8E6BA5E7601}
		{D15E5FF6-C1E7-4110-A2BE-06ADA7ACA82B} = {F19B02EB-A372-417A-B2C2-EA0D5A3C76D5}
		{0F4F5A86-DD27-4AF9-BF97-221EAD5040E7} = {8C662D59-A3CB-466F-8E85-A8E6BA5E7601}
		{CEBFC149-8162-4A0A-9AD4-40498B9172CD} = {8C662D59-A3CB-466F-8E85-A8E6BA5E7601}
		{34719884-1338-4965-BA2A-F98DB03733C2} = {8C662D59-A3CB-466F-8E85-A8E6BA5E7601}
		{D0359C69-6EA9-4B03-9455-90E8E04F1CB0} = {8C662D59-A3CB-466F-8E85-A8E6BA5E7601}
		{6081714F-27F2-466E-86B2-A4C5FB53AA37} = {D04AA540-9C6D-4C8F-8EDC-8C729D0027C6}
		{B8638A6E-715E-4C09-8BAF-6D58E5697F12} = {6081714F-27F2-466E-86B2-A4C5FB53AA37}
		{A9EA6D97-AECA-42A9-AD79-4F53D7C911E1} = {D04AA540-9C6D-4C8F-8EDC-8C729D0027C6}
		{8EBD954D-F0C6-4F36-9E14-1A8756D050B3} = {A9EA6D97-AECA-42A9-AD79-4F53D7C911E1}
		{BFDEE3FF-FF67-4DA8-BB74-D489E18E4BBE} = {A9EA6D97-AECA-42A9-AD79-4F53D7C911E1}
		{EDCB4347-69AB-420A-9761-617145E5B2F6} = {D04AA540-9C6D-4C8F-8EDC-8C729D0027C6}
		{73C73C47-E9FA-4864-AEF9-E668D1E09563} = {EDCB4347-69AB-420A-9761-617145E5B2F6}
		{E63CFF36-9DD2-4566-9D21-B7D9365444E4} = {EDCB4347-69AB-420A-9761-617145E5B2F6}
		{359C0839-7EBC-4A00-8366-86A64BD2B333} = {EDCB4347-69AB-420A-9761-617145E5B2F6}
	EndGlobalSection
	GlobalSection(ExtensibilityGlobals) = postSolution
		SolutionGuid = {D8002603-BB27-4500-BF86-274A8E72D302}
	EndGlobalSection
EndGlobal
