
Microsoft Visual Studio Solution File, Format Version 12.00
# Visual Studio 15
VisualStudioVersion = 15.0.26124.0
MinimumVisualStudioVersion = 15.0.26124.0
Project("{2150E333-8FDC-42A3-9474-1A3956D46DE8}") = "src", "src", "{8C662D59-A3CB-466F-8E85-A8E6BA5E7601}"
EndProject
Project("{FAE04EC0-301F-11D3-BF4B-00C04F79EFBC}") = "tye", "src\tye\tye.csproj", "{9BFE4070-D6D8-41F8-B92E-F85C3DCD7AB8}"
EndProject
Project("{2150E333-8FDC-42A3-9474-1A3956D46DE8}") = "test", "test", "{F19B02EB-A372-417A-B2C2-EA0D5A3C76D5}"
EndProject
Project("{FAE04EC0-301F-11D3-BF4B-00C04F79EFBC}") = "E2ETest", "test\E2ETest\E2ETest.csproj", "{D15E5FF6-C1E7-4110-A2BE-06ADA7ACA82B}"
EndProject
Project("{2150E333-8FDC-42A3-9474-1A3956D46DE8}") = "micronetes", "micronetes", "{B2C364E4-969E-4770-BF5F-BE65D292F70A}"
EndProject
Project("{FAE04EC0-301F-11D3-BF4B-00C04F79EFBC}") = "Micronetes.Hosting", "src\micronetes\Micronetes.Hosting\Micronetes.Hosting.csproj", "{0F4F5A86-DD27-4AF9-BF97-221EAD5040E7}"
EndProject
Project("{FAE04EC0-301F-11D3-BF4B-00C04F79EFBC}") = "Micronetes.Hosting.Diagnostics", "src\micronetes\Micronetes.Hosting.Diagnostics\Micronetes.Hosting.Diagnostics.csproj", "{CEBFC149-8162-4A0A-9AD4-40498B9172CD}"
EndProject
Project("{FAE04EC0-301F-11D3-BF4B-00C04F79EFBC}") = "Micronetes.Hosting.Runtime", "src\micronetes\Micronetes.Hosting.Runtime\Micronetes.Hosting.Runtime.csproj", "{34719884-1338-4965-BA2A-F98DB03733C2}"
EndProject
Project("{FAE04EC0-301F-11D3-BF4B-00C04F79EFBC}") = "Tye.Core", "src\Tye.Core\Tye.Core.csproj", "{D0359C69-6EA9-4B03-9455-90E8E04F1CB0}"
EndProject
Global
	GlobalSection(SolutionConfigurationPlatforms) = preSolution
		Debug|Any CPU = Debug|Any CPU
		Debug|x64 = Debug|x64
		Debug|x86 = Debug|x86
		Release|Any CPU = Release|Any CPU
		Release|x64 = Release|x64
		Release|x86 = Release|x86
	EndGlobalSection
	GlobalSection(SolutionProperties) = preSolution
		HideSolutionNode = FALSE
	EndGlobalSection
	GlobalSection(ProjectConfigurationPlatforms) = postSolution
		{9BFE4070-D6D8-41F8-B92E-F85C3DCD7AB8}.Debug|Any CPU.ActiveCfg = Debug|Any CPU
		{9BFE4070-D6D8-41F8-B92E-F85C3DCD7AB8}.Debug|Any CPU.Build.0 = Debug|Any CPU
		{9BFE4070-D6D8-41F8-B92E-F85C3DCD7AB8}.Debug|x64.ActiveCfg = Debug|Any CPU
		{9BFE4070-D6D8-41F8-B92E-F85C3DCD7AB8}.Debug|x64.Build.0 = Debug|Any CPU
		{9BFE4070-D6D8-41F8-B92E-F85C3DCD7AB8}.Debug|x86.ActiveCfg = Debug|Any CPU
		{9BFE4070-D6D8-41F8-B92E-F85C3DCD7AB8}.Debug|x86.Build.0 = Debug|Any CPU
		{9BFE4070-D6D8-41F8-B92E-F85C3DCD7AB8}.Release|Any CPU.ActiveCfg = Release|Any CPU
		{9BFE4070-D6D8-41F8-B92E-F85C3DCD7AB8}.Release|Any CPU.Build.0 = Release|Any CPU
		{9BFE4070-D6D8-41F8-B92E-F85C3DCD7AB8}.Release|x64.ActiveCfg = Release|Any CPU
		{9BFE4070-D6D8-41F8-B92E-F85C3DCD7AB8}.Release|x64.Build.0 = Release|Any CPU
		{9BFE4070-D6D8-41F8-B92E-F85C3DCD7AB8}.Release|x86.ActiveCfg = Release|Any CPU
		{9BFE4070-D6D8-41F8-B92E-F85C3DCD7AB8}.Release|x86.Build.0 = Release|Any CPU
		{D15E5FF6-C1E7-4110-A2BE-06ADA7ACA82B}.Debug|Any CPU.ActiveCfg = Debug|Any CPU
		{D15E5FF6-C1E7-4110-A2BE-06ADA7ACA82B}.Debug|Any CPU.Build.0 = Debug|Any CPU
		{D15E5FF6-C1E7-4110-A2BE-06ADA7ACA82B}.Debug|x64.ActiveCfg = Debug|Any CPU
		{D15E5FF6-C1E7-4110-A2BE-06ADA7ACA82B}.Debug|x64.Build.0 = Debug|Any CPU
		{D15E5FF6-C1E7-4110-A2BE-06ADA7ACA82B}.Debug|x86.ActiveCfg = Debug|Any CPU
		{D15E5FF6-C1E7-4110-A2BE-06ADA7ACA82B}.Debug|x86.Build.0 = Debug|Any CPU
		{D15E5FF6-C1E7-4110-A2BE-06ADA7ACA82B}.Release|Any CPU.ActiveCfg = Release|Any CPU
		{D15E5FF6-C1E7-4110-A2BE-06ADA7ACA82B}.Release|Any CPU.Build.0 = Release|Any CPU
		{D15E5FF6-C1E7-4110-A2BE-06ADA7ACA82B}.Release|x64.ActiveCfg = Release|Any CPU
		{D15E5FF6-C1E7-4110-A2BE-06ADA7ACA82B}.Release|x64.Build.0 = Release|Any CPU
		{D15E5FF6-C1E7-4110-A2BE-06ADA7ACA82B}.Release|x86.ActiveCfg = Release|Any CPU
		{D15E5FF6-C1E7-4110-A2BE-06ADA7ACA82B}.Release|x86.Build.0 = Release|Any CPU
		{0F4F5A86-DD27-4AF9-BF97-221EAD5040E7}.Debug|Any CPU.ActiveCfg = Debug|Any CPU
		{0F4F5A86-DD27-4AF9-BF97-221EAD5040E7}.Debug|Any CPU.Build.0 = Debug|Any CPU
		{0F4F5A86-DD27-4AF9-BF97-221EAD5040E7}.Debug|x64.ActiveCfg = Debug|Any CPU
		{0F4F5A86-DD27-4AF9-BF97-221EAD5040E7}.Debug|x64.Build.0 = Debug|Any CPU
		{0F4F5A86-DD27-4AF9-BF97-221EAD5040E7}.Debug|x86.ActiveCfg = Debug|Any CPU
		{0F4F5A86-DD27-4AF9-BF97-221EAD5040E7}.Debug|x86.Build.0 = Debug|Any CPU
		{0F4F5A86-DD27-4AF9-BF97-221EAD5040E7}.Release|Any CPU.ActiveCfg = Release|Any CPU
		{0F4F5A86-DD27-4AF9-BF97-221EAD5040E7}.Release|Any CPU.Build.0 = Release|Any CPU
		{0F4F5A86-DD27-4AF9-BF97-221EAD5040E7}.Release|x64.ActiveCfg = Release|Any CPU
		{0F4F5A86-DD27-4AF9-BF97-221EAD5040E7}.Release|x64.Build.0 = Release|Any CPU
		{0F4F5A86-DD27-4AF9-BF97-221EAD5040E7}.Release|x86.ActiveCfg = Release|Any CPU
		{0F4F5A86-DD27-4AF9-BF97-221EAD5040E7}.Release|x86.Build.0 = Release|Any CPU
		{CEBFC149-8162-4A0A-9AD4-40498B9172CD}.Debug|Any CPU.ActiveCfg = Debug|Any CPU
		{CEBFC149-8162-4A0A-9AD4-40498B9172CD}.Debug|Any CPU.Build.0 = Debug|Any CPU
		{CEBFC149-8162-4A0A-9AD4-40498B9172CD}.Debug|x64.ActiveCfg = Debug|Any CPU
		{CEBFC149-8162-4A0A-9AD4-40498B9172CD}.Debug|x64.Build.0 = Debug|Any CPU
		{CEBFC149-8162-4A0A-9AD4-40498B9172CD}.Debug|x86.ActiveCfg = Debug|Any CPU
		{CEBFC149-8162-4A0A-9AD4-40498B9172CD}.Debug|x86.Build.0 = Debug|Any CPU
		{CEBFC149-8162-4A0A-9AD4-40498B9172CD}.Release|Any CPU.ActiveCfg = Release|Any CPU
		{CEBFC149-8162-4A0A-9AD4-40498B9172CD}.Release|Any CPU.Build.0 = Release|Any CPU
		{CEBFC149-8162-4A0A-9AD4-40498B9172CD}.Release|x64.ActiveCfg = Release|Any CPU
		{CEBFC149-8162-4A0A-9AD4-40498B9172CD}.Release|x64.Build.0 = Release|Any CPU
		{CEBFC149-8162-4A0A-9AD4-40498B9172CD}.Release|x86.ActiveCfg = Release|Any CPU
		{CEBFC149-8162-4A0A-9AD4-40498B9172CD}.Release|x86.Build.0 = Release|Any CPU
		{34719884-1338-4965-BA2A-F98DB03733C2}.Debug|Any CPU.ActiveCfg = Debug|Any CPU
		{34719884-1338-4965-BA2A-F98DB03733C2}.Debug|Any CPU.Build.0 = Debug|Any CPU
		{34719884-1338-4965-BA2A-F98DB03733C2}.Debug|x64.ActiveCfg = Debug|Any CPU
		{34719884-1338-4965-BA2A-F98DB03733C2}.Debug|x64.Build.0 = Debug|Any CPU
		{34719884-1338-4965-BA2A-F98DB03733C2}.Debug|x86.ActiveCfg = Debug|Any CPU
		{34719884-1338-4965-BA2A-F98DB03733C2}.Debug|x86.Build.0 = Debug|Any CPU
		{34719884-1338-4965-BA2A-F98DB03733C2}.Release|Any CPU.ActiveCfg = Release|Any CPU
		{34719884-1338-4965-BA2A-F98DB03733C2}.Release|Any CPU.Build.0 = Release|Any CPU
		{34719884-1338-4965-BA2A-F98DB03733C2}.Release|x64.ActiveCfg = Release|Any CPU
		{34719884-1338-4965-BA2A-F98DB03733C2}.Release|x64.Build.0 = Release|Any CPU
		{34719884-1338-4965-BA2A-F98DB03733C2}.Release|x86.ActiveCfg = Release|Any CPU
		{34719884-1338-4965-BA2A-F98DB03733C2}.Release|x86.Build.0 = Release|Any CPU
		{D0359C69-6EA9-4B03-9455-90E8E04F1CB0}.Debug|Any CPU.ActiveCfg = Debug|Any CPU
		{D0359C69-6EA9-4B03-9455-90E8E04F1CB0}.Debug|Any CPU.Build.0 = Debug|Any CPU
		{D0359C69-6EA9-4B03-9455-90E8E04F1CB0}.Debug|x64.ActiveCfg = Debug|Any CPU
		{D0359C69-6EA9-4B03-9455-90E8E04F1CB0}.Debug|x64.Build.0 = Debug|Any CPU
		{D0359C69-6EA9-4B03-9455-90E8E04F1CB0}.Debug|x86.ActiveCfg = Debug|Any CPU
		{D0359C69-6EA9-4B03-9455-90E8E04F1CB0}.Debug|x86.Build.0 = Debug|Any CPU
		{D0359C69-6EA9-4B03-9455-90E8E04F1CB0}.Release|Any CPU.ActiveCfg = Release|Any CPU
		{D0359C69-6EA9-4B03-9455-90E8E04F1CB0}.Release|Any CPU.Build.0 = Release|Any CPU
		{D0359C69-6EA9-4B03-9455-90E8E04F1CB0}.Release|x64.ActiveCfg = Release|Any CPU
		{D0359C69-6EA9-4B03-9455-90E8E04F1CB0}.Release|x64.Build.0 = Release|Any CPU
		{D0359C69-6EA9-4B03-9455-90E8E04F1CB0}.Release|x86.ActiveCfg = Release|Any CPU
		{D0359C69-6EA9-4B03-9455-90E8E04F1CB0}.Release|x86.Build.0 = Release|Any CPU
	EndGlobalSection
	GlobalSection(NestedProjects) = preSolution
		{9BFE4070-D6D8-41F8-B92E-F85C3DCD7AB8} = {8C662D59-A3CB-466F-8E85-A8E6BA5E7601}
		{D15E5FF6-C1E7-4110-A2BE-06ADA7ACA82B} = {F19B02EB-A372-417A-B2C2-EA0D5A3C76D5}
		{B2C364E4-969E-4770-BF5F-BE65D292F70A} = {8C662D59-A3CB-466F-8E85-A8E6BA5E7601}
		{0F4F5A86-DD27-4AF9-BF97-221EAD5040E7} = {B2C364E4-969E-4770-BF5F-BE65D292F70A}
		{CEBFC149-8162-4A0A-9AD4-40498B9172CD} = {B2C364E4-969E-4770-BF5F-BE65D292F70A}
		{34719884-1338-4965-BA2A-F98DB03733C2} = {B2C364E4-969E-4770-BF5F-BE65D292F70A}
		{D0359C69-6EA9-4B03-9455-90E8E04F1CB0} = {8C662D59-A3CB-466F-8E85-A8E6BA5E7601}
	EndGlobalSection
EndGlobal
