
Microsoft Visual Studio Solution File, Format Version 12.00
# Visual Studio 15
VisualStudioVersion = 15.0.26124.0
MinimumVisualStudioVersion = 15.0.26124.0
Project("{2150E333-8FDC-42A3-9474-1A3956D46DE8}") = "src", "src", "{8C662D59-A3CB-466F-8E85-A8E6BA5E7601}"
EndProject
Project("{FAE04EC0-301F-11D3-BF4B-00C04F79EFBC}") = "tye", "src\tye\tye.csproj", "{9BFE4070-D6D8-41F8-B92E-F85C3DCD7AB8}"
EndProject
Project("{2150E333-8FDC-42A3-9474-1A3956D46DE8}") = "test", "test", "{F19B02EB-A372-417A-B2C2-EA0D5A3C76D5}"
EndProject
Project("{FAE04EC0-301F-11D3-BF4B-00C04F79EFBC}") = "E2ETest", "test\E2ETest\E2ETest.csproj", "{D15E5FF6-C1E7-4110-A2BE-06ADA7ACA82B}"
EndProject
Global
	GlobalSection(SolutionConfigurationPlatforms) = preSolution
		Debug|Any CPU = Debug|Any CPU
		Debug|x64 = Debug|x64
		Debug|x86 = Debug|x86
		Release|Any CPU = Release|Any CPU
		Release|x64 = Release|x64
		Release|x86 = Release|x86
	EndGlobalSection
	GlobalSection(SolutionProperties) = preSolution
		HideSolutionNode = FALSE
	EndGlobalSection
	GlobalSection(ProjectConfigurationPlatforms) = postSolution
		{9BFE4070-D6D8-41F8-B92E-F85C3DCD7AB8}.Debug|Any CPU.ActiveCfg = Debug|Any CPU
		{9BFE4070-D6D8-41F8-B92E-F85C3DCD7AB8}.Debug|Any CPU.Build.0 = Debug|Any CPU
		{9BFE4070-D6D8-41F8-B92E-F85C3DCD7AB8}.Debug|x64.ActiveCfg = Debug|Any CPU
		{9BFE4070-D6D8-41F8-B92E-F85C3DCD7AB8}.Debug|x64.Build.0 = Debug|Any CPU
		{9BFE4070-D6D8-41F8-B92E-F85C3DCD7AB8}.Debug|x86.ActiveCfg = Debug|Any CPU
		{9BFE4070-D6D8-41F8-B92E-F85C3DCD7AB8}.Debug|x86.Build.0 = Debug|Any CPU
		{9BFE4070-D6D8-41F8-B92E-F85C3DCD7AB8}.Release|Any CPU.ActiveCfg = Release|Any CPU
		{9BFE4070-D6D8-41F8-B92E-F85C3DCD7AB8}.Release|Any CPU.Build.0 = Release|Any CPU
		{9BFE4070-D6D8-41F8-B92E-F85C3DCD7AB8}.Release|x64.ActiveCfg = Release|Any CPU
		{9BFE4070-D6D8-41F8-B92E-F85C3DCD7AB8}.Release|x64.Build.0 = Release|Any CPU
		{9BFE4070-D6D8-41F8-B92E-F85C3DCD7AB8}.Release|x86.ActiveCfg = Release|Any CPU
		{9BFE4070-D6D8-41F8-B92E-F85C3DCD7AB8}.Release|x86.Build.0 = Release|Any CPU
		{D15E5FF6-C1E7-4110-A2BE-06ADA7ACA82B}.Debug|Any CPU.ActiveCfg = Debug|Any CPU
		{D15E5FF6-C1E7-4110-A2BE-06ADA7ACA82B}.Debug|Any CPU.Build.0 = Debug|Any CPU
		{D15E5FF6-C1E7-4110-A2BE-06ADA7ACA82B}.Debug|x64.ActiveCfg = Debug|Any CPU
		{D15E5FF6-C1E7-4110-A2BE-06ADA7ACA82B}.Debug|x64.Build.0 = Debug|Any CPU
		{D15E5FF6-C1E7-4110-A2BE-06ADA7ACA82B}.Debug|x86.ActiveCfg = Debug|Any CPU
		{D15E5FF6-C1E7-4110-A2BE-06ADA7ACA82B}.Debug|x86.Build.0 = Debug|Any CPU
		{D15E5FF6-C1E7-4110-A2BE-06ADA7ACA82B}.Release|Any CPU.ActiveCfg = Release|Any CPU
		{D15E5FF6-C1E7-4110-A2BE-06ADA7ACA82B}.Release|Any CPU.Build.0 = Release|Any CPU
		{D15E5FF6-C1E7-4110-A2BE-06ADA7ACA82B}.Release|x64.ActiveCfg = Release|Any CPU
		{D15E5FF6-C1E7-4110-A2BE-06ADA7ACA82B}.Release|x64.Build.0 = Release|Any CPU
		{D15E5FF6-C1E7-4110-A2BE-06ADA7ACA82B}.Release|x86.ActiveCfg = Release|Any CPU
		{D15E5FF6-C1E7-4110-A2BE-06ADA7ACA82B}.Release|x86.Build.0 = Release|Any CPU
	EndGlobalSection
	GlobalSection(NestedProjects) = preSolution
		{9BFE4070-D6D8-41F8-B92E-F85C3DCD7AB8} = {8C662D59-A3CB-466F-8E85-A8E6BA5E7601}
		{D15E5FF6-C1E7-4110-A2BE-06ADA7ACA82B} = {F19B02EB-A372-417A-B2C2-EA0D5A3C76D5}
	EndGlobalSection
EndGlobal
