
Microsoft Visual Studio Solution File, Format Version 12.00
# Visual Studio 15
VisualStudioVersion = 15.0.26124.0
MinimumVisualStudioVersion = 15.0.26124.0
Project("{FAE04EC0-301F-11D3-BF4B-00C04F79EFBC}") = "ApplicationA", "ApplicationA\ApplicationA.csproj", "{5A9DC239-55BB-4951-B081-35931BF8C867}"
EndProject
Project("{FAE04EC0-301F-11D3-BF4B-00C04F79EFBC}") = "ApplicationB", "ApplicationB\ApplicationB.csproj", "{AE1F10D3-BFAE-4D23-ADCF-06770237285D}"
EndProject
Global
	GlobalSection(SolutionConfigurationPlatforms) = preSolution
		Debug|Any CPU = Debug|Any CPU
		Debug|x64 = Debug|x64
		Debug|x86 = Debug|x86
		Release|Any CPU = Release|Any CPU
		Release|x64 = Release|x64
		Release|x86 = Release|x86
	EndGlobalSection
	GlobalSection(SolutionProperties) = preSolution
		HideSolutionNode = FALSE
	EndGlobalSection
	GlobalSection(ProjectConfigurationPlatforms) = postSolution
		{5A9DC239-55BB-4951-B081-35931BF8C867}.Debug|Any CPU.ActiveCfg = Debug|Any CPU
		{5A9DC239-55BB-4951-B081-35931BF8C867}.Debug|Any CPU.Build.0 = Debug|Any CPU
		{5A9DC239-55BB-4951-B081-35931BF8C867}.Debug|x64.ActiveCfg = Debug|Any CPU
		{5A9DC239-55BB-4951-B081-35931BF8C867}.Debug|x64.Build.0 = Debug|Any CPU
		{5A9DC239-55BB-4951-B081-35931BF8C867}.Debug|x86.ActiveCfg = Debug|Any CPU
		{5A9DC239-55BB-4951-B081-35931BF8C867}.Debug|x86.Build.0 = Debug|Any CPU
		{5A9DC239-55BB-4951-B081-35931BF8C867}.Release|Any CPU.ActiveCfg = Release|Any CPU
		{5A9DC239-55BB-4951-B081-35931BF8C867}.Release|Any CPU.Build.0 = Release|Any CPU
		{5A9DC239-55BB-4951-B081-35931BF8C867}.Release|x64.ActiveCfg = Release|Any CPU
		{5A9DC239-55BB-4951-B081-35931BF8C867}.Release|x64.Build.0 = Release|Any CPU
		{5A9DC239-55BB-4951-B081-35931BF8C867}.Release|x86.ActiveCfg = Release|Any CPU
		{5A9DC239-55BB-4951-B081-35931BF8C867}.Release|x86.Build.0 = Release|Any CPU
		{AE1F10D3-BFAE-4D23-ADCF-06770237285D}.Debug|Any CPU.ActiveCfg = Debug|Any CPU
		{AE1F10D3-BFAE-4D23-ADCF-06770237285D}.Debug|Any CPU.Build.0 = Debug|Any CPU
		{AE1F10D3-BFAE-4D23-ADCF-06770237285D}.Debug|x64.ActiveCfg = Debug|Any CPU
		{AE1F10D3-BFAE-4D23-ADCF-06770237285D}.Debug|x64.Build.0 = Debug|Any CPU
		{AE1F10D3-BFAE-4D23-ADCF-06770237285D}.Debug|x86.ActiveCfg = Debug|Any CPU
		{AE1F10D3-BFAE-4D23-ADCF-06770237285D}.Debug|x86.Build.0 = Debug|Any CPU
		{AE1F10D3-BFAE-4D23-ADCF-06770237285D}.Release|Any CPU.ActiveCfg = Release|Any CPU
		{AE1F10D3-BFAE-4D23-ADCF-06770237285D}.Release|Any CPU.Build.0 = Release|Any CPU
		{AE1F10D3-BFAE-4D23-ADCF-06770237285D}.Release|x64.ActiveCfg = Release|Any CPU
		{AE1F10D3-BFAE-4D23-ADCF-06770237285D}.Release|x64.Build.0 = Release|Any CPU
		{AE1F10D3-BFAE-4D23-ADCF-06770237285D}.Release|x86.ActiveCfg = Release|Any CPU
		{AE1F10D3-BFAE-4D23-ADCF-06770237285D}.Release|x86.Build.0 = Release|Any CPU
	EndGlobalSection
EndGlobal
