
Microsoft Visual Studio Solution File, Format Version 12.00
# Visual Studio 15
VisualStudioVersion = 15.0.26124.0
MinimumVisualStudioVersion = 15.0.26124.0
Project("{FAE04EC0-301F-11D3-BF4B-00C04F79EFBC}") = "orders", "orders\orders.csproj", "{206BCB04-37DC-48EC-B3D5-566C53291AEF}"
EndProject
Project("{FAE04EC0-301F-11D3-BF4B-00C04F79EFBC}") = "products", "products\products.csproj", "{B9DB838D-2DCA-468E-A707-075A9FAE960F}"
EndProject
Project("{FAE04EC0-301F-11D3-BF4B-00C04F79EFBC}") = "store", "store\store.csproj", "{7D053D12-7A1E-44B2-87AB-44DC391D2C13}"
EndProject
Global
	GlobalSection(SolutionConfigurationPlatforms) = preSolution
		Debug|Any CPU = Debug|Any CPU
		Debug|x64 = Debug|x64
		Debug|x86 = Debug|x86
		Release|Any CPU = Release|Any CPU
		Release|x64 = Release|x64
		Release|x86 = Release|x86
	EndGlobalSection
	GlobalSection(SolutionProperties) = preSolution
		HideSolutionNode = FALSE
	EndGlobalSection
	GlobalSection(ProjectConfigurationPlatforms) = postSolution
		{206BCB04-37DC-48EC-B3D5-566C53291AEF}.Debug|Any CPU.ActiveCfg = Debug|Any CPU
		{206BCB04-37DC-48EC-B3D5-566C53291AEF}.Debug|Any CPU.Build.0 = Debug|Any CPU
		{206BCB04-37DC-48EC-B3D5-566C53291AEF}.Debug|x64.ActiveCfg = Debug|Any CPU
		{206BCB04-37DC-48EC-B3D5-566C53291AEF}.Debug|x64.Build.0 = Debug|Any CPU
		{206BCB04-37DC-48EC-B3D5-566C53291AEF}.Debug|x86.ActiveCfg = Debug|Any CPU
		{206BCB04-37DC-48EC-B3D5-566C53291AEF}.Debug|x86.Build.0 = Debug|Any CPU
		{206BCB04-37DC-48EC-B3D5-566C53291AEF}.Release|Any CPU.ActiveCfg = Release|Any CPU
		{206BCB04-37DC-48EC-B3D5-566C53291AEF}.Release|Any CPU.Build.0 = Release|Any CPU
		{206BCB04-37DC-48EC-B3D5-566C53291AEF}.Release|x64.ActiveCfg = Release|Any CPU
		{206BCB04-37DC-48EC-B3D5-566C53291AEF}.Release|x64.Build.0 = Release|Any CPU
		{206BCB04-37DC-48EC-B3D5-566C53291AEF}.Release|x86.ActiveCfg = Release|Any CPU
		{206BCB04-37DC-48EC-B3D5-566C53291AEF}.Release|x86.Build.0 = Release|Any CPU
		{B9DB838D-2DCA-468E-A707-075A9FAE960F}.Debug|Any CPU.ActiveCfg = Debug|Any CPU
		{B9DB838D-2DCA-468E-A707-075A9FAE960F}.Debug|Any CPU.Build.0 = Debug|Any CPU
		{B9DB838D-2DCA-468E-A707-075A9FAE960F}.Debug|x64.ActiveCfg = Debug|Any CPU
		{B9DB838D-2DCA-468E-A707-075A9FAE960F}.Debug|x64.Build.0 = Debug|Any CPU
		{B9DB838D-2DCA-468E-A707-075A9FAE960F}.Debug|x86.ActiveCfg = Debug|Any CPU
		{B9DB838D-2DCA-468E-A707-075A9FAE960F}.Debug|x86.Build.0 = Debug|Any CPU
		{B9DB838D-2DCA-468E-A707-075A9FAE960F}.Release|Any CPU.ActiveCfg = Release|Any CPU
		{B9DB838D-2DCA-468E-A707-075A9FAE960F}.Release|Any CPU.Build.0 = Release|Any CPU
		{B9DB838D-2DCA-468E-A707-075A9FAE960F}.Release|x64.ActiveCfg = Release|Any CPU
		{B9DB838D-2DCA-468E-A707-075A9FAE960F}.Release|x64.Build.0 = Release|Any CPU
		{B9DB838D-2DCA-468E-A707-075A9FAE960F}.Release|x86.ActiveCfg = Release|Any CPU
		{B9DB838D-2DCA-468E-A707-075A9FAE960F}.Release|x86.Build.0 = Release|Any CPU
		{7D053D12-7A1E-44B2-87AB-44DC391D2C13}.Debug|Any CPU.ActiveCfg = Debug|Any CPU
		{7D053D12-7A1E-44B2-87AB-44DC391D2C13}.Debug|Any CPU.Build.0 = Debug|Any CPU
		{7D053D12-7A1E-44B2-87AB-44DC391D2C13}.Debug|x64.ActiveCfg = Debug|Any CPU
		{7D053D12-7A1E-44B2-87AB-44DC391D2C13}.Debug|x64.Build.0 = Debug|Any CPU
		{7D053D12-7A1E-44B2-87AB-44DC391D2C13}.Debug|x86.ActiveCfg = Debug|Any CPU
		{7D053D12-7A1E-44B2-87AB-44DC391D2C13}.Debug|x86.Build.0 = Debug|Any CPU
		{7D053D12-7A1E-44B2-87AB-44DC391D2C13}.Release|Any CPU.ActiveCfg = Release|Any CPU
		{7D053D12-7A1E-44B2-87AB-44DC391D2C13}.Release|Any CPU.Build.0 = Release|Any CPU
		{7D053D12-7A1E-44B2-87AB-44DC391D2C13}.Release|x64.ActiveCfg = Release|Any CPU
		{7D053D12-7A1E-44B2-87AB-44DC391D2C13}.Release|x64.Build.0 = Release|Any CPU
		{7D053D12-7A1E-44B2-87AB-44DC391D2C13}.Release|x86.ActiveCfg = Release|Any CPU
		{7D053D12-7A1E-44B2-87AB-44DC391D2C13}.Release|x86.Build.0 = Release|Any CPU
	EndGlobalSection
EndGlobal
