
Microsoft Visual Studio Solution File, Format Version 12.00
# Visual Studio 15
VisualStudioVersion = 15.0.26124.0
MinimumVisualStudioVersion = 15.0.26124.0
Project("{FAE04EC0-301F-11D3-BF4B-00C04F79EFBC}") = "Backend", "Backend\Backend.csproj", "{FDB078CF-6331-4790-B91F-65C79F3777D2}"
EndProject
Project("{FAE04EC0-301F-11D3-BF4B-00C04F79EFBC}") = "Blazor", "Blazor\Blazor.csproj", "{D0D9EA02-8773-4105-B92F-79BB24902C4D}"
EndProject
Project("{FAE04EC0-301F-11D3-BF4B-00C04F79EFBC}") = "Blazor.Host", "Blazor.Host\Blazor.Host.csproj", "{AD5D1526-BE64-4D90-8BB0-2A202ACB32A7}"
EndProject
Global
	GlobalSection(SolutionConfigurationPlatforms) = preSolution
		Debug|Any CPU = Debug|Any CPU
		Debug|x64 = Debug|x64
		Debug|x86 = Debug|x86
		Release|Any CPU = Release|Any CPU
		Release|x64 = Release|x64
		Release|x86 = Release|x86
	EndGlobalSection
	GlobalSection(SolutionProperties) = preSolution
		HideSolutionNode = FALSE
	EndGlobalSection
	GlobalSection(ProjectConfigurationPlatforms) = postSolution
		{FDB078CF-6331-4790-B91F-65C79F3777D2}.Debug|Any CPU.ActiveCfg = Debug|Any CPU
		{FDB078CF-6331-4790-B91F-65C79F3777D2}.Debug|Any CPU.Build.0 = Debug|Any CPU
		{FDB078CF-6331-4790-B91F-65C79F3777D2}.Debug|x64.ActiveCfg = Debug|Any CPU
		{FDB078CF-6331-4790-B91F-65C79F3777D2}.Debug|x64.Build.0 = Debug|Any CPU
		{FDB078CF-6331-4790-B91F-65C79F3777D2}.Debug|x86.ActiveCfg = Debug|Any CPU
		{FDB078CF-6331-4790-B91F-65C79F3777D2}.Debug|x86.Build.0 = Debug|Any CPU
		{FDB078CF-6331-4790-B91F-65C79F3777D2}.Release|Any CPU.ActiveCfg = Release|Any CPU
		{FDB078CF-6331-4790-B91F-65C79F3777D2}.Release|Any CPU.Build.0 = Release|Any CPU
		{FDB078CF-6331-4790-B91F-65C79F3777D2}.Release|x64.ActiveCfg = Release|Any CPU
		{FDB078CF-6331-4790-B91F-65C79F3777D2}.Release|x64.Build.0 = Release|Any CPU
		{FDB078CF-6331-4790-B91F-65C79F3777D2}.Release|x86.ActiveCfg = Release|Any CPU
		{FDB078CF-6331-4790-B91F-65C79F3777D2}.Release|x86.Build.0 = Release|Any CPU
		{D0D9EA02-8773-4105-B92F-79BB24902C4D}.Debug|Any CPU.ActiveCfg = Debug|Any CPU
		{D0D9EA02-8773-4105-B92F-79BB24902C4D}.Debug|Any CPU.Build.0 = Debug|Any CPU
		{D0D9EA02-8773-4105-B92F-79BB24902C4D}.Debug|x64.ActiveCfg = Debug|Any CPU
		{D0D9EA02-8773-4105-B92F-79BB24902C4D}.Debug|x64.Build.0 = Debug|Any CPU
		{D0D9EA02-8773-4105-B92F-79BB24902C4D}.Debug|x86.ActiveCfg = Debug|Any CPU
		{D0D9EA02-8773-4105-B92F-79BB24902C4D}.Debug|x86.Build.0 = Debug|Any CPU
		{D0D9EA02-8773-4105-B92F-79BB24902C4D}.Release|Any CPU.ActiveCfg = Release|Any CPU
		{D0D9EA02-8773-4105-B92F-79BB24902C4D}.Release|Any CPU.Build.0 = Release|Any CPU
		{D0D9EA02-8773-4105-B92F-79BB24902C4D}.Release|x64.ActiveCfg = Release|Any CPU
		{D0D9EA02-8773-4105-B92F-79BB24902C4D}.Release|x64.Build.0 = Release|Any CPU
		{D0D9EA02-8773-4105-B92F-79BB24902C4D}.Release|x86.ActiveCfg = Release|Any CPU
		{D0D9EA02-8773-4105-B92F-79BB24902C4D}.Release|x86.Build.0 = Release|Any CPU
		{AD5D1526-BE64-4D90-8BB0-2A202ACB32A7}.Debug|Any CPU.ActiveCfg = Debug|Any CPU
		{AD5D1526-BE64-4D90-8BB0-2A202ACB32A7}.Debug|Any CPU.Build.0 = Debug|Any CPU
		{AD5D1526-BE64-4D90-8BB0-2A202ACB32A7}.Debug|x64.ActiveCfg = Debug|Any CPU
		{AD5D1526-BE64-4D90-8BB0-2A202ACB32A7}.Debug|x64.Build.0 = Debug|Any CPU
		{AD5D1526-BE64-4D90-8BB0-2A202ACB32A7}.Debug|x86.ActiveCfg = Debug|Any CPU
		{AD5D1526-BE64-4D90-8BB0-2A202ACB32A7}.Debug|x86.Build.0 = Debug|Any CPU
		{AD5D1526-BE64-4D90-8BB0-2A202ACB32A7}.Release|Any CPU.ActiveCfg = Release|Any CPU
		{AD5D1526-BE64-4D90-8BB0-2A202ACB32A7}.Release|Any CPU.Build.0 = Release|Any CPU
		{AD5D1526-BE64-4D90-8BB0-2A202ACB32A7}.Release|x64.ActiveCfg = Release|Any CPU
		{AD5D1526-BE64-4D90-8BB0-2A202ACB32A7}.Release|x64.Build.0 = Release|Any CPU
		{AD5D1526-BE64-4D90-8BB0-2A202ACB32A7}.Release|x86.ActiveCfg = Release|Any CPU
		{AD5D1526-BE64-4D90-8BB0-2A202ACB32A7}.Release|x86.Build.0 = Release|Any CPU
	EndGlobalSection
EndGlobal
